{
  "nodes": {
    "emacs-overlay": {
      "inputs": {
        "flake-utils": "flake-utils",
        "nixpkgs": "nixpkgs",
        "nixpkgs-stable": "nixpkgs-stable"
      },
      "locked": {
        "lastModified": 1690914454,
        "narHash": "sha256-UfUEewyikRVJOi6E857US6dUyIqgvNPlB2XABghfCAc=",
        "owner": "Nix-Community",
        "repo": "emacs-overlay",
        "rev": "bf8fea22b4d5a5c59837c11d4675d4aa3a312957",
        "type": "github"
      },
      "original": {
        "owner": "Nix-Community",
        "repo": "emacs-overlay",
        "type": "github"
      }
    },
    "flake-utils": {
      "inputs": {
        "systems": "systems"
      },
      "locked": {
        "lastModified": 1689068808,
        "narHash": "sha256-6ixXo3wt24N/melDWjq70UuHQLxGV8jZvooRanIHXw0=",
        "owner": "numtide",
        "repo": "flake-utils",
        "rev": "919d646de7be200f3bf08cb76ae1f09402b6f9b4",
        "type": "github"
      },
      "original": {
        "owner": "numtide",
        "repo": "flake-utils",
        "type": "github"
      }
    },
    "home-manager": {
      "inputs": {
        "nixpkgs": [
          "nixpkgs"
        ]
      },
      "locked": {
        "lastModified": 1690910850,
        "narHash": "sha256-diLPKIDpR9zubqGl0wPFKMNPV9QpT/eNkqUN2dSt19o=",
        "owner": "nix-community",
        "repo": "home-manager",
        "rev": "8c731978f0916b9a904d67a0e53744ceff47882c",
        "type": "github"
      },
      "original": {
        "owner": "nix-community",
        "repo": "home-manager",
        "type": "github"
      }
    },
    "hue": {
      "inputs": {
        "nixpkgs": [
          "nixpkgs"
        ]
      },
      "locked": {
        "lastModified": 1668377153,
        "narHash": "sha256-lRmTVmDsseXUhd0gB9J43tUQevzKiDdZ1Um3DcBlTgY=",
        "owner": "SierraSoftworks",
        "repo": "hue",
        "rev": "4f597d972ab553208074ba19b9aaaa442fa8e43c",
        "type": "github"
      },
      "original": {
        "owner": "SierraSoftworks",
        "repo": "hue",
        "rev": "4f597d972ab553208074ba19b9aaaa442fa8e43c",
        "type": "github"
      }
    },
    "nixpkgs": {
      "locked": {
        "lastModified": 1690789960,
        "narHash": "sha256-3K+2HuyGTiJUSZNJxXXvc0qj4xFx1FHC/ItYtEa7/Xs=",
        "owner": "NixOS",
        "repo": "nixpkgs",
        "rev": "fb942492b7accdee4e6d17f5447091c65897dde4",
        "type": "github"
      },
      "original": {
        "owner": "NixOS",
        "ref": "nixos-unstable",
        "repo": "nixpkgs",
        "type": "github"
      }
    },
    "nixpkgs-stable": {
      "locked": {
        "lastModified": 1690835256,
        "narHash": "sha256-SZy/Nvwbf6CorhEsvmjqgjoYNLnRfaKVZMfSnpUDPnc=",
        "owner": "NixOS",
        "repo": "nixpkgs",
        "rev": "b7cde1c47b7316f6138a2b36ef6627f3d16d645c",
        "type": "github"
      },
      "original": {
        "owner": "NixOS",
        "ref": "nixos-23.05",
        "repo": "nixpkgs",
        "type": "github"
      }
    },
    "nixpkgs_2": {
      "locked": {
        "lastModified": 1690921095,
        "narHash": "sha256-hb8iMHK99C1XXv21dvADHBKXW88w19sQ7nYnaSYfU9w=",
        "owner": "NixOS",
        "repo": "nixpkgs",
        "rev": "927401d3c9c309e4aa0bbebd03a461824a87adbf",
        "type": "github"
      },
      "original": {
        "owner": "NixOS",
        "repo": "nixpkgs",
        "type": "github"
      }
    },
    "root": {
      "inputs": {
        "emacs-overlay": "emacs-overlay",
        "home-manager": "home-manager",
        "hue": "hue",
        "nixpkgs": "nixpkgs_2"
      }
    },
    "systems": {
      "locked": {
        "lastModified": 1681028828,
        "narHash": "sha256-Vy1rq5AaRuLzOxct8nz4T6wlgyUR7zLU309k9mBC768=",
        "owner": "nix-systems",
        "repo": "default",
        "rev": "da67096a3b9bf56a91d16901293e51ba5b49a27e",
        "type": "github"
      },
      "original": {
        "owner": "nix-systems",
        "repo": "default",
        "type": "github"
      }
    }
  },
  "root": "root",
  "version": 7
}
