{
  "nodes": {
    "emacs-overlay": {
      "inputs": {
        "flake-utils": "flake-utils",
        "nixpkgs": "nixpkgs",
        "nixpkgs-stable": "nixpkgs-stable"
      },
      "locked": {
        "lastModified": 1686215122,
        "narHash": "sha256-sYMbezwmGlEyoXHw3TVxzVbKc1AiVKpJmh7FM+prGSE=",
        "owner": "Nix-Community",
        "repo": "emacs-overlay",
        "rev": "631e36d9e02f4b2f9f1b32739c5fc12a66f94301",
        "type": "github"
      },
      "original": {
        "owner": "Nix-Community",
        "repo": "emacs-overlay",
        "type": "github"
      }
    },
    "flake-utils": {
      "inputs": {
        "systems": "systems"
      },
      "locked": {
        "lastModified": 1685518550,
        "narHash": "sha256-o2d0KcvaXzTrPRIo0kOLV0/QXHhDQ5DTi+OxcjO8xqY=",
        "owner": "numtide",
        "repo": "flake-utils",
        "rev": "a1720a10a6cfe8234c0e93907ffe81be440f4cef",
        "type": "github"
      },
      "original": {
        "owner": "numtide",
        "repo": "flake-utils",
        "type": "github"
      }
    },
    "home-manager": {
      "inputs": {
        "nixpkgs": [
          "nixpkgs"
        ]
      },
      "locked": {
        "lastModified": 1686241374,
        "narHash": "sha256-fxlUjZx3VtQvNPTp/YX9uY//1UPbR3CBvUL3ajDRCyE=",
        "owner": "nix-community",
        "repo": "home-manager",
        "rev": "f889ec0ec366e3ad8fb94e3afa7a31f3ee1da3b9",
        "type": "github"
      },
      "original": {
        "owner": "nix-community",
        "repo": "home-manager",
        "type": "github"
      }
    },
    "hue": {
      "inputs": {
        "nixpkgs": [
          "nixpkgs"
        ]
      },
      "locked": {
        "lastModified": 1668377153,
        "narHash": "sha256-lRmTVmDsseXUhd0gB9J43tUQevzKiDdZ1Um3DcBlTgY=",
        "owner": "SierraSoftworks",
        "repo": "hue",
        "rev": "4f597d972ab553208074ba19b9aaaa442fa8e43c",
        "type": "github"
      },
      "original": {
        "owner": "SierraSoftworks",
        "repo": "hue",
        "rev": "4f597d972ab553208074ba19b9aaaa442fa8e43c",
        "type": "github"
      }
    },
    "nixpkgs": {
      "locked": {
        "lastModified": 1686020360,
        "narHash": "sha256-Wee7lIlZ6DIZHHLiNxU5KdYZQl0iprENXa/czzI6Cj4=",
        "owner": "NixOS",
        "repo": "nixpkgs",
        "rev": "4729ffac6fd12e26e5a8de002781ffc49b0e94b7",
        "type": "github"
      },
      "original": {
        "owner": "NixOS",
        "ref": "nixos-unstable",
        "repo": "nixpkgs",
        "type": "github"
      }
    },
    "nixpkgs-stable": {
      "locked": {
        "lastModified": 1686059680,
        "narHash": "sha256-sp0WlCIeVczzB0G8f8iyRg3IYW7KG31mI66z7HIZwrI=",
        "owner": "NixOS",
        "repo": "nixpkgs",
        "rev": "a558f7ac29f50c4b937fb5c102f587678ae1c9fb",
        "type": "github"
      },
      "original": {
        "owner": "NixOS",
        "ref": "nixos-23.05",
        "repo": "nixpkgs",
        "type": "github"
      }
    },
    "nixpkgs_2": {
      "locked": {
        "lastModified": 1686247294,
        "narHash": "sha256-yW7C63gJ4nIfC8JPD4kPno8vvNY4YLzsP/Cwt6BKNr8=",
        "owner": "NixOS",
        "repo": "nixpkgs",
        "rev": "b940b2455eadfde7b2f5e4ebbace18dda4e6f7ff",
        "type": "github"
      },
      "original": {
        "owner": "NixOS",
        "repo": "nixpkgs",
        "type": "github"
      }
    },
    "root": {
      "inputs": {
        "emacs-overlay": "emacs-overlay",
        "home-manager": "home-manager",
        "hue": "hue",
        "nixpkgs": "nixpkgs_2"
      }
    },
    "systems": {
      "locked": {
        "lastModified": 1681028828,
        "narHash": "sha256-Vy1rq5AaRuLzOxct8nz4T6wlgyUR7zLU309k9mBC768=",
        "owner": "nix-systems",
        "repo": "default",
        "rev": "da67096a3b9bf56a91d16901293e51ba5b49a27e",
        "type": "github"
      },
      "original": {
        "owner": "nix-systems",
        "repo": "default",
        "type": "github"
      }
    }
  },
  "root": "root",
  "version": 7
}
